// !$*UTF8*$!
{
	archiveVersion = 1;
	classes = {
	};
	objectVersion = 46;
	objects = {

/* Begin PBXBuildFile section */
		F71357641EF00BB000D71F00 /* SliderViewController.swift in Sources */ = {isa = PBXBuildFile; fileRef = F71357621EF00BB000D71F00 /* SliderViewController.swift */; };
		F71357651EF00BB000D71F00 /* SliderViewController.xib in Resources */ = {isa = PBXBuildFile; fileRef = F71357631EF00BB000D71F00 /* SliderViewController.xib */; };
		F71357671EF0484D00D71F00 /* MusicTableViewController.swift in Sources */ = {isa = PBXBuildFile; fileRef = F71357661EF0484D00D71F00 /* MusicTableViewController.swift */; };
		F74230431EF06ED70024DA5A /* ViewController.swift in Sources */ = {isa = PBXBuildFile; fileRef = F74230421EF06ED70024DA5A /* ViewController.swift */; };
		F76E614C1EF00A3C009A744D /* AppDelegate.swift in Sources */ = {isa = PBXBuildFile; fileRef = F76E614B1EF00A3C009A744D /* AppDelegate.swift */; };
		F76E61511EF00A3C009A744D /* Main.storyboard in Resources */ = {isa = PBXBuildFile; fileRef = F76E614F1EF00A3C009A744D /* Main.storyboard */; };
		F76E61531EF00A3C009A744D /* Assets.xcassets in Resources */ = {isa = PBXBuildFile; fileRef = F76E61521EF00A3C009A744D /* Assets.xcassets */; };
		F76E61561EF00A3C009A744D /* LaunchScreen.storyboard in Resources */ = {isa = PBXBuildFile; fileRef = F76E61541EF00A3C009A744D /* LaunchScreen.storyboard */; };
/* End PBXBuildFile section */

/* Begin PBXFileReference section */
		F71357621EF00BB000D71F00 /* SliderViewController.swift */ = {isa = PBXFileReference; fileEncoding = 4; lastKnownFileType = sourcecode.swift; path = SliderViewController.swift; sourceTree = "<group>"; };
		F71357631EF00BB000D71F00 /* SliderViewController.xib */ = {isa = PBXFileReference; fileEncoding = 4; lastKnownFileType = file.xib; path = SliderViewController.xib; sourceTree = "<group>"; };
		F71357661EF0484D00D71F00 /* MusicTableViewController.swift */ = {isa = PBXFileReference; fileEncoding = 4; lastKnownFileType = sourcecode.swift; path = MusicTableViewController.swift; sourceTree = "<group>"; };
		F74230421EF06ED70024DA5A /* ViewController.swift */ = {isa = PBXFileReference; fileEncoding = 4; lastKnownFileType = sourcecode.swift; name = ViewController.swift; path = ../../../.Trash/ViewController.swift; sourceTree = "<group>"; };
		F76E61481EF00A3C009A744D /* AppleMusicDemo.app */ = {isa = PBXFileReference; explicitFileType = wrapper.application; includeInIndex = 0; path = AppleMusicDemo.app; sourceTree = BUILT_PRODUCTS_DIR; };
		F76E614B1EF00A3C009A744D /* AppDelegate.swift */ = {isa = PBXFileReference; lastKnownFileType = sourcecode.swift; path = AppDelegate.swift; sourceTree = "<group>"; };
		F76E61501EF00A3C009A744D /* Base */ = {isa = PBXFileReference; lastKnownFileType = file.storyboard; name = Base; path = Base.lproj/Main.storyboard; sourceTree = "<group>"; };
		F76E61521EF00A3C009A744D /* Assets.xcassets */ = {isa = PBXFileReference; lastKnownFileType = folder.assetcatalog; path = Assets.xcassets; sourceTree = "<group>"; };
		F76E61551EF00A3C009A744D /* Base */ = {isa = PBXFileReference; lastKnownFileType = file.storyboard; name = Base; path = Base.lproj/LaunchScreen.storyboard; sourceTree = "<group>"; };
		F76E61571EF00A3C009A744D /* Info.plist */ = {isa = PBXFileReference; lastKnownFileType = text.plist.xml; path = Info.plist; sourceTree = "<group>"; };
/* End PBXFileReference section */

/* Begin PBXFrameworksBuildPhase section */
		F76E61451EF00A3C009A744D /* Frameworks */ = {
			isa = PBXFrameworksBuildPhase;
			buildActionMask = 2147483647;
			files = (
			);
			runOnlyForDeploymentPostprocessing = 0;
		};
/* End PBXFrameworksBuildPhase section */

/* Begin PBXGroup section */
		F76E613F1EF00A3C009A744D = {
			isa = PBXGroup;
			children = (
				F76E614A1EF00A3C009A744D /* AppleMusicDemo */,
				F76E61491EF00A3C009A744D /* Products */,
			);
			sourceTree = "<group>";
		};
		F76E61491EF00A3C009A744D /* Products */ = {
			isa = PBXGroup;
			children = (
				F76E61481EF00A3C009A744D /* AppleMusicDemo.app */,
			);
			name = Products;
			sourceTree = "<group>";
		};
		F76E614A1EF00A3C009A744D /* AppleMusicDemo */ = {
			isa = PBXGroup;
			children = (
				F76E614B1EF00A3C009A744D /* AppDelegate.swift */,
				F74230421EF06ED70024DA5A /* ViewController.swift */,
				F71357661EF0484D00D71F00 /* MusicTableViewController.swift */,
				F76E614F1EF00A3C009A744D /* Main.storyboard */,
				F71357621EF00BB000D71F00 /* SliderViewController.swift */,
				F71357631EF00BB000D71F00 /* SliderViewController.xib */,
				F76E61521EF00A3C009A744D /* Assets.xcassets */,
				F76E61541EF00A3C009A744D /* LaunchScreen.storyboard */,
				F76E61571EF00A3C009A744D /* Info.plist */,
			);
			path = AppleMusicDemo;
			sourceTree = "<group>";
		};
/* End PBXGroup section */

/* Begin PBXNativeTarget section */
		F76E61471EF00A3C009A744D /* AppleMusicDemo */ = {
			isa = PBXNativeTarget;
			buildConfigurationList = F76E615A1EF00A3C009A744D /* Build configuration list for PBXNativeTarget "AppleMusicDemo" */;
			buildPhases = (
				F76E61441EF00A3C009A744D /* Sources */,
				F76E61451EF00A3C009A744D /* Frameworks */,
				F76E61461EF00A3C009A744D /* Resources */,
			);
			buildRules = (
			);
			dependencies = (
			);
			name = AppleMusicDemo;
			productName = AppleMusicDemo;
			productReference = F76E61481EF00A3C009A744D /* AppleMusicDemo.app */;
			productType = "com.apple.product-type.application";
		};
/* End PBXNativeTarget section */

/* Begin PBXProject section */
		F76E61401EF00A3C009A744D /* Project object */ = {
			isa = PBXProject;
			attributes = {
				LastSwiftUpdateCheck = 0830;
				LastUpgradeCheck = 0830;
				ORGANIZATIONNAME = ADO;
				TargetAttributes = {
					F76E61471EF00A3C009A744D = {
						CreatedOnToolsVersion = 8.3.3;
						DevelopmentTeam = 24LJMF7J23;
						ProvisioningStyle = Automatic;
					};
				};
			};
			buildConfigurationList = F76E61431EF00A3C009A744D /* Build configuration list for PBXProject "AppleMusicDemo" */;
			compatibilityVersion = "Xcode 3.2";
			developmentRegion = English;
			hasScannedForEncodings = 0;
			knownRegions = (
				en,
				Base,
			);
			mainGroup = F76E613F1EF00A3C009A744D;
			productRefGroup = F76E61491EF00A3C009A744D /* Products */;
			projectDirPath = "";
			projectRoot = "";
			targets = (
				F76E61471EF00A3C009A744D /* AppleMusicDemo */,
			);
		};
/* End PBXProject section */

/* Begin PBXResourcesBuildPhase section */
		F76E61461EF00A3C009A744D /* Resources */ = {
			isa = PBXResourcesBuildPhase;
			buildActionMask = 2147483647;
			files = (
				F76E61561EF00A3C009A744D /* LaunchScreen.storyboard in Resources */,
				F76E61531EF00A3C009A744D /* Assets.xcassets in Resources */,
				F76E61511EF00A3C009A744D /* Main.storyboard in Resources */,
				F71357651EF00BB000D71F00 /* SliderViewController.xib in Resources */,
			);
			runOnlyForDeploymentPostprocessing = 0;
		};
/* End PBXResourcesBuildPhase section */

/* Begin PBXSourcesBuildPhase section */
		F76E61441EF00A3C009A744D /* Sources */ = {
			isa = PBXSourcesBuildPhase;
			buildActionMask = 2147483647;
			files = (
				F71357641EF00BB000D71F00 /* SliderViewController.swift in Sources */,
				F71357671EF0484D00D71F00 /* MusicTableViewController.swift in Sources */,
				F74230431EF06ED70024DA5A /* ViewController.swift in Sources */,
				F76E614C1EF00A3C009A744D /* AppDelegate.swift in Sources */,
			);
			runOnlyForDeploymentPostprocessing = 0;
		};
/* End PBXSourcesBuildPhase section */

/* Begin PBXVariantGroup section */
		F76E614F1EF00A3C009A744D /* Main.storyboard */ = {
			isa = PBXVariantGroup;
			children = (
				F76E61501EF00A3C009A744D /* Base */,
			);
			name = Main.storyboard;
			sourceTree = "<group>";
		};
		F76E61541EF00A3C009A744D /* LaunchScreen.storyboard */ = {
			isa = PBXVariantGroup;
			children = (
				F76E61551EF00A3C009A744D /* Base */,
			);
			name = LaunchScreen.storyboard;
			sourceTree = "<group>";
		};
/* End PBXVariantGroup section */

/* Begin XCBuildConfiguration section */
		F76E61581EF00A3C009A744D /* Debug */ = {
			isa = XCBuildConfiguration;
			buildSettings = {
				ALWAYS_SEARCH_USER_PATHS = NO;
				CLANG_ANALYZER_NONNULL = YES;
				CLANG_ANALYZER_NUMBER_OBJECT_CONVERSION = YES_AGGRESSIVE;
				CLANG_CXX_LANGUAGE_STANDARD = "gnu++0x";
				CLANG_CXX_LIBRARY = "libc++";
				CLANG_ENABLE_MODULES = YES;
				CLANG_ENABLE_OBJC_ARC = YES;
				CLANG_WARN_BOOL_CONVERSION = YES;
				CLANG_WARN_CONSTANT_CONVERSION = YES;
				CLANG_WARN_DIRECT_OBJC_ISA_USAGE = YES_ERROR;
				CLANG_WARN_DOCUMENTATION_COMMENTS = YES;
				CLANG_WARN_EMPTY_BODY = YES;
				CLANG_WARN_ENUM_CONVERSION = YES;
				CLANG_WARN_INFINITE_RECURSION = YES;
				CLANG_WARN_INT_CONVERSION = YES;
				CLANG_WARN_OBJC_ROOT_CLASS = YES_ERROR;
				CLANG_WARN_SUSPICIOUS_MOVE = YES;
				CLANG_WARN_UNREACHABLE_CODE = YES;
				CLANG_WARN__DUPLICATE_METHOD_MATCH = YES;
				"CODE_SIGN_IDENTITY[sdk=iphoneos*]" = "iPhone Developer";
				COPY_PHASE_STRIP = NO;
				DEBUG_INFORMATION_FORMAT = dwarf;
				ENABLE_STRICT_OBJC_MSGSEND = YES;
				ENABLE_TESTABILITY = YES;
				GCC_C_LANGUAGE_STANDARD = gnu99;
				GCC_DYNAMIC_NO_PIC = NO;
				GCC_NO_COMMON_BLOCKS = YES;
				GCC_OPTIMIZATION_LEVEL = 0;
				GCC_PREPROCESSOR_DEFINITIONS = (
					"DEBUG=1",
					"$(inherited)",
				);
				GCC_WARN_64_TO_32_BIT_CONVERSION = YES;
				GCC_WARN_ABOUT_RETURN_TYPE = YES_ERROR;
				GCC_WARN_UNDECLARED_SELECTOR = YES;
				GCC_WARN_UNINITIALIZED_AUTOS = YES_AGGRESSIVE;
				GCC_WARN_UNUSED_FUNCTION = YES;
				GCC_WARN_UNUSED_VARIABLE = YES;
				IPHONEOS_DEPLOYMENT_TARGET = 10.3;
				MTL_ENABLE_DEBUG_INFO = YES;
				ONLY_ACTIVE_ARCH = YES;
				SDKROOT = iphoneos;
				SWIFT_ACTIVE_COMPILATION_CONDITIONS = DEBUG;
				SWIFT_OPTIMIZATION_LEVEL = "-Onone";
				TARGETED_DEVICE_FAMILY = "1,2";
			};
			name = Debug;
		};
		F76E61591EF00A3C009A744D /* Release */ = {
			isa = XCBuildConfiguration;
			buildSettings = {
				ALWAYS_SEARCH_USER_PATHS = NO;
				CLANG_ANALYZER_NONNULL = YES;
				CLANG_ANALYZER_NUMBER_OBJECT_CONVERSION = YES_AGGRESSIVE;
				CLANG_CXX_LANGUAGE_STANDARD = "gnu++0x";
				CLANG_CXX_LIBRARY = "libc++";
				CLANG_ENABLE_MODULES = YES;
				CLANG_ENABLE_OBJC_ARC = YES;
				CLANG_WARN_BOOL_CONVERSION = YES;
				CLANG_WARN_CONSTANT_CONVERSION = YES;
				CLANG_WARN_DIRECT_OBJC_ISA_USAGE = YES_ERROR;
				CLANG_WARN_DOCUMENTATION_COMMENTS = YES;
				CLANG_WARN_EMPTY_BODY = YES;
				CLANG_WARN_ENUM_CONVERSION = YES;
				CLANG_WARN_INFINITE_RECURSION = YES;
				CLANG_WARN_INT_CONVERSION = YES;
				CLANG_WARN_OBJC_ROOT_CLASS = YES_ERROR;
				CLANG_WARN_SUSPICIOUS_MOVE = YES;
				CLANG_WARN_UNREACHABLE_CODE = YES;
				CLANG_WARN__DUPLICATE_METHOD_MATCH = YES;
				"CODE_SIGN_IDENTITY[sdk=iphoneos*]" = "iPhone Developer";
				COPY_PHASE_STRIP = NO;
				DEBUG_INFORMATION_FORMAT = "dwarf-with-dsym";
				ENABLE_NS_ASSERTIONS = NO;
				ENABLE_STRICT_OBJC_MSGSEND = YES;
				GCC_C_LANGUAGE_STANDARD = gnu99;
				GCC_NO_COMMON_BLOCKS = YES;
				GCC_WARN_64_TO_32_BIT_CONVERSION = YES;
				GCC_WARN_ABOUT_RETURN_TYPE = YES_ERROR;
				GCC_WARN_UNDECLARED_SELECTOR = YES;
				GCC_WARN_UNINITIALIZED_AUTOS = YES_AGGRESSIVE;
				GCC_WARN_UNUSED_FUNCTION = YES;
				GCC_WARN_UNUSED_VARIABLE = YES;
				IPHONEOS_DEPLOYMENT_TARGET = 10.3;
				MTL_ENABLE_DEBUG_INFO = NO;
				SDKROOT = iphoneos;
				SWIFT_OPTIMIZATION_LEVEL = "-Owholemodule";
				TARGETED_DEVICE_FAMILY = "1,2";
				VALIDATE_PRODUCT = YES;
			};
			name = Release;
		};
		F76E615B1EF00A3C009A744D /* Debug */ = {
			isa = XCBuildConfiguration;
			buildSettings = {
				ASSETCATALOG_COMPILER_APPICON_NAME = AppIcon;
				DEVELOPMENT_TEAM = 24LJMF7J23;
				INFOPLIST_FILE = AppleMusicDemo/Info.plist;
				IPHONEOS_DEPLOYMENT_TARGET = 11.0;
				LD_RUNPATH_SEARCH_PATHS = "$(inherited) @executable_path/Frameworks";
				PRODUCT_BUNDLE_IDENTIFIER = com.alecoconnor.AppleMusicDemo;
				PRODUCT_NAME = "$(TARGET_NAME)";
				SWIFT_VERSION = 3.0;
			};
			name = Debug;
		};
		F76E615C1EF00A3C009A744D /* Release */ = {
			isa = XCBuildConfiguration;
			buildSettings = {
				ASSETCATALOG_COMPILER_APPICON_NAME = AppIcon;
				DEVELOPMENT_TEAM = 24LJMF7J23;
				INFOPLIST_FILE = AppleMusicDemo/Info.plist;
				IPHONEOS_DEPLOYMENT_TARGET = 11.0;
				LD_RUNPATH_SEARCH_PATHS = "$(inherited) @executable_path/Frameworks";
				PRODUCT_BUNDLE_IDENTIFIER = com.alecoconnor.AppleMusicDemo;
				PRODUCT_NAME = "$(TARGET_NAME)";
				SWIFT_VERSION = 3.0;
			};
			name = Release;
		};
/* End XCBuildConfiguration section */

/* Begin XCConfigurationList section */
		F76E61431EF00A3C009A744D /* Build configuration list for PBXProject "AppleMusicDemo" */ = {
			isa = XCConfigurationList;
			buildConfigurations = (
				F76E61581EF00A3C009A744D /* Debug */,
				F76E61591EF00A3C009A744D /* Release */,
			);
			defaultConfigurationIsVisible = 0;
			defaultConfigurationName = Release;
		};
		F76E615A1EF00A3C009A744D /* Build configuration list for PBXNativeTarget "AppleMusicDemo" */ = {
			isa = XCConfigurationList;
			buildConfigurations = (
				F76E615B1EF00A3C009A744D /* Debug */,
				F76E615C1EF00A3C009A744D /* Release */,
			);
			defaultConfigurationIsVisible = 0;
			defaultConfigurationName = Release;
		};
/* End XCConfigurationList section */
	};
	rootObject = F76E61401EF00A3C009A744D /* Project object */;
}
